# THIS IS AN AUTOGENERATED FILE. DO NOT EDIT THIS FILE DIRECTLY.
# yarn lockfile v1


"rescript@npm:@rescript/std@^9.1.0":
  version "9.1.0"
  resolved "https://registry.yarnpkg.com/@rescript/std/-/std-9.1.0.tgz#bee9bad2f77af7c4bb4c5eb64bf53908c777c99d"
  integrity sha512-LZIUtiPSHB23WNSlmZ74n9hNbgrt8vPYkAzFYVj0NSQdJoG80C+xgCtG8zTjcIER3gdtZhDVaFhl8H1sS9KpKQ==
